// !$*UTF8*$!
{
	archiveVersion = 1;
	classes = {
	};
	objectVersion = 45;
	objects = {

/* Begin PBXBuildFile section */
		124F8C92A74C3F75C02C9941 /* QTKit.framework in Frameworks */ = {isa = PBXBuildFile; fileRef = A6DD7A70B3C1D97700FDC645 /* QTKit.framework */; };
		228A8D79A6B7032D216A2E33 /* AUInputElement.cpp in Sources */ = {isa = PBXBuildFile; fileRef = E3530660FEBC7A4C04E6035B /* AUInputElement.cpp */; settings = {COMPILER_FLAGS = "-w"; }; };
		29180A2D59E50E243E8EA2DD /* CAAudioChannelLayout.cpp in Sources */ = {isa = PBXBuildFile; fileRef = 2AC7F936D76673078CC46B39 /* CAAudioChannelLayout.cpp */; settings = {COMPILER_FLAGS = "-w"; }; };
		2AF1F9A2466DD2920B74194D /* OpenGL.framework in Frameworks */ = {isa = PBXBuildFile; fileRef = EE87DD07BC10B4BFDADD68ED /* OpenGL.framework */; };
		34FFAF4142438021389CC701 /* CAStreamBasicDescription.cpp in Sources */ = {isa = PBXBuildFile; fileRef = 289B6F21B8FA58A9F80AF74F /* CAStreamBasicDescription.cpp */; settings = {COMPILER_FLAGS = "-w"; }; };
		37796CE3A501EAA1B3385D3C /* Carbon.framework in Frameworks */ = {isa = PBXBuildFile; fileRef = C31BBA2D43743E560EE54077 /* Carbon.framework */; };
		3EA9A24E91E9B3330322C14B /* AUEffectBase.cpp in Sources */ = {isa = PBXBuildFile; fileRef = 40AFA95AD6B80625D9F5D34B /* AUEffectBase.cpp */; settings = {COMPILER_FLAGS = "-w"; }; };
		46C7BA529F454CF2715DA62E /* CoreMIDI.framework in Frameworks */ = {isa = PBXBuildFile; fileRef = 7ABD1CA0B4A00586982B71F0 /* CoreMIDI.framework */; };
		4D68EC5384427CBAFACA9177 /* AudioUnit.framework in Frameworks */ = {isa = PBXBuildFile; fileRef = CEAB6C4AFA0924AA7B781FDF /* AudioUnit.framework */; };
		52E3C45EDBEA4F4FEA633EEA /* AUMIDIEffectBase.cpp in Sources */ = {isa = PBXBuildFile; fileRef = E98DBB154204D13F8F6E9797 /* AUMIDIEffectBase.cpp */; settings = {COMPILER_FLAGS = "-w"; }; };
		5B595634B3FB2848A10F7FF7 /* QuartzCore.framework in Frameworks */ = {isa = PBXBuildFile; fileRef = A345F264F78F7D3EEABEC384 /* QuartzCore.framework */; };
		645E4E9820CB0AA2F72DB615 /* CarbonEventHandler.cpp in Sources */ = {isa = PBXBuildFile; fileRef = DBDA17F21BE2F2BBD0530E4E /* CarbonEventHandler.cpp */; settings = {COMPILER_FLAGS = "-w"; }; };
		65ADDD95C6A6F5DA56421391 /* WebKit.framework in Frameworks */ = {isa = PBXBuildFile; fileRef = F488F50A9E2C189A8DF1F32E /* WebKit.framework */; };
		6D3BEB1FC2C6E2F967891D60 /* AUDispatch.cpp in Sources */ = {isa = PBXBuildFile; fileRef = 5576D011C13352817D49AFCB /* AUDispatch.cpp */; settings = {COMPILER_FLAGS = "-w"; }; };
		76B56EFA0CE434B3EFFF8AC3 /* ComponentBase.cpp in Sources */ = {isa = PBXBuildFile; fileRef = 44CFBCF212896FA49B626118 /* ComponentBase.cpp */; settings = {COMPILER_FLAGS = "-w"; }; };
		8296CE6BD13580C34419E913 /* IOKit.framework in Frameworks */ = {isa = PBXBuildFile; fileRef = 9587DD91A46C7EF9392CE2C3 /* IOKit.framework */; };
		91DB8569219CA37676F63BC5 /* AUBase.cpp in Sources */ = {isa = PBXBuildFile; fileRef = AC5718257B69C32B06C28A0D /* AUBase.cpp */; settings = {COMPILER_FLAGS = "-w"; }; };
		945675DD05F20DA90E50F977 /* MusicDeviceBase.cpp in Sources */ = {isa = PBXBuildFile; fileRef = 562035FBC5F9AA8D7A6A53F0 /* MusicDeviceBase.cpp */; settings = {COMPILER_FLAGS = "-w"; }; };
		997538BFE26646C03AA73793 /* AUCarbonViewDispatch.cpp in Sources */ = {isa = PBXBuildFile; fileRef = 5E701847A2A2A47C2315A699 /* AUCarbonViewDispatch.cpp */; settings = {COMPILER_FLAGS = "-w"; }; };
		9DECA76D224B7AC09437799C /* AUOutputElement.cpp in Sources */ = {isa = PBXBuildFile; fileRef = 3E889051E9B19DDC5707002F /* AUOutputElement.cpp */; settings = {COMPILER_FLAGS = "-w"; }; };
		9F5C3D32C82DFDC66DE7CF69 /* AudioToolbox.framework in Frameworks */ = {isa = PBXBuildFile; fileRef = D41BCFEE64A479184DF70DE7 /* AudioToolbox.framework */; };
		A5329FCD8818EEC0693D6F55 /* AUCarbonViewControl.cpp in Sources */ = {isa = PBXBuildFile; fileRef = 0980EC08F57633BFA3BF62B0 /* AUCarbonViewControl.cpp */; settings = {COMPILER_FLAGS = "-w"; }; };
		A9C7CB960D245BC1EA8DC74F /* CAAUParameter.cpp in Sources */ = {isa = PBXBuildFile; fileRef = 5E1A322854E3EB07E321702D /* CAAUParameter.cpp */; settings = {COMPILER_FLAGS = "-w"; }; };
		ACA909D0999346A4FC8C8B4A /* DiscRecording.framework in Frameworks */ = {isa = PBXBuildFile; fileRef = 241A4AFBC096C98ACCBD64B8 /* DiscRecording.framework */; };
		AEDFDF13BC21779D227BE59B /* QuickTime.framework in Frameworks */ = {isa = PBXBuildFile; fileRef = 5961A2F3963887CC3DAF6DB0 /* QuickTime.framework */; };
		B05746E36751DF2A25C9CD75 /* AUMIDIBase.cpp in Sources */ = {isa = PBXBuildFile; fileRef = 548D48B39FFED8CFD31FD74B /* AUMIDIBase.cpp */; settings = {COMPILER_FLAGS = "-w"; }; };
		C8E99EF4B8D416AECDAC23AC /* CoreAudioKit.framework in Frameworks */ = {isa = PBXBuildFile; fileRef = 16EC84BA86F45CC319484DE0 /* CoreAudioKit.framework */; };
		D0073C376908717E22D38B44 /* AUBuffer.cpp in Sources */ = {isa = PBXBuildFile; fileRef = 08649DA6AD99098B1EAE175D /* AUBuffer.cpp */; settings = {COMPILER_FLAGS = "-w"; }; };
		D11A7771276C351CBF4681E6 /* CoreAudio.framework in Frameworks */ = {isa = PBXBuildFile; fileRef = 33D2DDB93FA47A06A67AA748 /* CoreAudio.framework */; };
		D80E836CA98A8BD4DB155A89 /* CAVectorUnit.cpp in Sources */ = {isa = PBXBuildFile; fileRef = 22ED7E200C3F8A47BFE89C08 /* CAVectorUnit.cpp */; settings = {COMPILER_FLAGS = "-w"; }; };
		DE92AEA48760C539D23C2B2E /* CAMutex.cpp in Sources */ = {isa = PBXBuildFile; fileRef = 5342D286903514A4A2DC6AFE /* CAMutex.cpp */; settings = {COMPILER_FLAGS = "-w"; }; };
		E293EB49B5089202F5C4A55C /* AUDebugDispatcher.cpp in Sources */ = {isa = PBXBuildFile; fileRef = 47CB5EBEF9C872A67BE7628D /* AUDebugDispatcher.cpp */; settings = {COMPILER_FLAGS = "-w"; }; };
		E8F70C97EF8F1E479B260518 /* AUScopeElement.cpp in Sources */ = {isa = PBXBuildFile; fileRef = 9CBC00EFBE2C8E0F0DA14301 /* AUScopeElement.cpp */; settings = {COMPILER_FLAGS = "-w"; }; };
		EC1EF44609C00F9B9276D6D7 /* AUOutputBase.cpp in Sources */ = {isa = PBXBuildFile; fileRef = 7F0D9AB722E0B3978CBCE562 /* AUOutputBase.cpp */; settings = {COMPILER_FLAGS = "-w"; }; };
		F57587A5141E916F001A7CA7 /* libjucedebug.a in Frameworks */ = {isa = PBXBuildFile; fileRef = F57587A4141E916F001A7CA7 /* libjucedebug.a */; };
		F58B81D9141E8CF90010A80D /* AscendingPattern.cpp in Sources */ = {isa = PBXBuildFile; fileRef = F58B81CB141E8CF90010A80D /* AscendingPattern.cpp */; };
		F58B81DA141E8CF90010A80D /* Cell.cpp in Sources */ = {isa = PBXBuildFile; fileRef = F58B81CD141E8CF90010A80D /* Cell.cpp */; };
		F58B81DB141E8CF90010A80D /* ControlsComponent.cpp in Sources */ = {isa = PBXBuildFile; fileRef = F58B81CF141E8CF90010A80D /* ControlsComponent.cpp */; };
		F58B81DC141E8CF90010A80D /* GridComponent.cpp in Sources */ = {isa = PBXBuildFile; fileRef = F58B81D1141E8CF90010A80D /* GridComponent.cpp */; };
		F58B81DD141E8CF90010A80D /* Pattern.cpp in Sources */ = {isa = PBXBuildFile; fileRef = F58B81D3141E8CF90010A80D /* Pattern.cpp */; };
		F58B81DE141E8CF90010A80D /* PluginEditor.cpp in Sources */ = {isa = PBXBuildFile; fileRef = F58B81D5141E8CF90010A80D /* PluginEditor.cpp */; };
		F58B81DF141E8CF90010A80D /* PluginProcessor.cpp in Sources */ = {isa = PBXBuildFile; fileRef = F58B81D7141E8CF90010A80D /* PluginProcessor.cpp */; };
		F58B81E2141E8D7F0010A80D /* juce_AU_Resources.r in Rez */ = {isa = PBXBuildFile; fileRef = F58B81E0141E8D7F0010A80D /* juce_AU_Resources.r */; };
		F58B81E3141E8D7F0010A80D /* juce_AU_Wrapper.mm in Sources */ = {isa = PBXBuildFile; fileRef = F58B81E1141E8D7F0010A80D /* juce_AU_Wrapper.mm */; };
		F58B81E6141E8D9E0010A80D /* juce_VST_Wrapper.cpp in Sources */ = {isa = PBXBuildFile; fileRef = F58B81E4141E8D9E0010A80D /* juce_VST_Wrapper.cpp */; };
		F58B81E7141E8D9E0010A80D /* juce_VST_Wrapper.mm in Sources */ = {isa = PBXBuildFile; fileRef = F58B81E5141E8D9E0010A80D /* juce_VST_Wrapper.mm */; };
		F9D2A09CAA2D03ACE9302411 /* AUCarbonViewBase.cpp in Sources */ = {isa = PBXBuildFile; fileRef = 9467A0DBC025700FC03A9F1A /* AUCarbonViewBase.cpp */; settings = {COMPILER_FLAGS = "-w"; }; };
		FB45819002A78F719BAFBDCD /* Cocoa.framework in Frameworks */ = {isa = PBXBuildFile; fileRef = 84D53A27AD42FDCA3DB685E3 /* Cocoa.framework */; };
/* End PBXBuildFile section */

/* Begin PBXFileReference section */
		08649DA6AD99098B1EAE175D /* AUBuffer.cpp */ = {isa = PBXFileReference; lastKnownFileType = sourcecode.cpp.cpp; name = AUBuffer.cpp; path = Extras/CoreAudio/AudioUnits/AUPublic/Utility/AUBuffer.cpp; sourceTree = DEVELOPER_DIR; };
		0980EC08F57633BFA3BF62B0 /* AUCarbonViewControl.cpp */ = {isa = PBXFileReference; lastKnownFileType = sourcecode.cpp.cpp; name = AUCarbonViewControl.cpp; path = Extras/CoreAudio/AudioUnits/AUPublic/AUCarbonViewBase/AUCarbonViewControl.cpp; sourceTree = DEVELOPER_DIR; };
		0F52F4F1C8BE2E498D406465 /* JuceHeader.h */ = {isa = PBXFileReference; lastKnownFileType = sourcecode.c.h; name = JuceHeader.h; path = ../../JuceLibraryCode/JuceHeader.h; sourceTree = SOURCE_ROOT; };
		12181FA2711B37A34390B4B8 /* AUMIDIEffectBase.h */ = {isa = PBXFileReference; lastKnownFileType = sourcecode.c.h; name = AUMIDIEffectBase.h; path = Extras/CoreAudio/AudioUnits/AUPublic/OtherBases/AUMIDIEffectBase.h; sourceTree = DEVELOPER_DIR; };
		134239CD6EC14FAA82B84A10 /* CAVectorUnitTypes.h */ = {isa = PBXFileReference; lastKnownFileType = sourcecode.c.h; name = CAVectorUnitTypes.h; path = Extras/CoreAudio/PublicUtility/CAVectorUnitTypes.h; sourceTree = DEVELOPER_DIR; };
		16EC84BA86F45CC319484DE0 /* CoreAudioKit.framework */ = {isa = PBXFileReference; lastKnownFileType = wrapper.framework; name = CoreAudioKit.framework; path = System/Library/Frameworks/CoreAudioKit.framework; sourceTree = SDKROOT; };
		17707A208C28C5FF0747D212 /* CAAudioChannelLayout.h */ = {isa = PBXFileReference; lastKnownFileType = sourcecode.c.h; name = CAAudioChannelLayout.h; path = Extras/CoreAudio/PublicUtility/CAAudioChannelLayout.h; sourceTree = DEVELOPER_DIR; };
		22ED7E200C3F8A47BFE89C08 /* CAVectorUnit.cpp */ = {isa = PBXFileReference; lastKnownFileType = sourcecode.cpp.cpp; name = CAVectorUnit.cpp; path = Extras/CoreAudio/PublicUtility/CAVectorUnit.cpp; sourceTree = DEVELOPER_DIR; };
		241A4AFBC096C98ACCBD64B8 /* DiscRecording.framework */ = {isa = PBXFileReference; lastKnownFileType = wrapper.framework; name = DiscRecording.framework; path = System/Library/Frameworks/DiscRecording.framework; sourceTree = SDKROOT; };
		2677D7AD4A31D16EEE14ECFA /* AUResources.r */ = {isa = PBXFileReference; lastKnownFileType = sourcecode.rez; name = AUResources.r; path = Extras/CoreAudio/AudioUnits/AUPublic/AUBase/AUResources.r; sourceTree = DEVELOPER_DIR; };
		289B6F21B8FA58A9F80AF74F /* CAStreamBasicDescription.cpp */ = {isa = PBXFileReference; lastKnownFileType = sourcecode.cpp.cpp; name = CAStreamBasicDescription.cpp; path = Extras/CoreAudio/PublicUtility/CAStreamBasicDescription.cpp; sourceTree = DEVELOPER_DIR; };
		2AC7F936D76673078CC46B39 /* CAAudioChannelLayout.cpp */ = {isa = PBXFileReference; lastKnownFileType = sourcecode.cpp.cpp; name = CAAudioChannelLayout.cpp; path = Extras/CoreAudio/PublicUtility/CAAudioChannelLayout.cpp; sourceTree = DEVELOPER_DIR; };
		33D2DDB93FA47A06A67AA748 /* CoreAudio.framework */ = {isa = PBXFileReference; lastKnownFileType = wrapper.framework; name = CoreAudio.framework; path = System/Library/Frameworks/CoreAudio.framework; sourceTree = SDKROOT; };
		3BA0E5625B18668D55E3D5FA /* AUOutputElement.h */ = {isa = PBXFileReference; lastKnownFileType = sourcecode.c.h; name = AUOutputElement.h; path = Extras/CoreAudio/AudioUnits/AUPublic/AUBase/AUOutputElement.h; sourceTree = DEVELOPER_DIR; };
		3E889051E9B19DDC5707002F /* AUOutputElement.cpp */ = {isa = PBXFileReference; lastKnownFileType = sourcecode.cpp.cpp; name = AUOutputElement.cpp; path = Extras/CoreAudio/AudioUnits/AUPublic/AUBase/AUOutputElement.cpp; sourceTree = DEVELOPER_DIR; };
		40AFA95AD6B80625D9F5D34B /* AUEffectBase.cpp */ = {isa = PBXFileReference; lastKnownFileType = sourcecode.cpp.cpp; name = AUEffectBase.cpp; path = Extras/CoreAudio/AudioUnits/AUPublic/OtherBases/AUEffectBase.cpp; sourceTree = DEVELOPER_DIR; };
		40D2A07753B41BC63882E1A0 /* AUEffectBase.h */ = {isa = PBXFileReference; lastKnownFileType = sourcecode.c.h; name = AUEffectBase.h; path = Extras/CoreAudio/AudioUnits/AUPublic/OtherBases/AUEffectBase.h; sourceTree = DEVELOPER_DIR; };
		44CFBCF212896FA49B626118 /* ComponentBase.cpp */ = {isa = PBXFileReference; lastKnownFileType = sourcecode.cpp.cpp; name = ComponentBase.cpp; path = Extras/CoreAudio/AudioUnits/AUPublic/AUBase/ComponentBase.cpp; sourceTree = DEVELOPER_DIR; };
		45D8F18AD2D87D3C37071779 /* CAMutex.h */ = {isa = PBXFileReference; lastKnownFileType = sourcecode.c.h; name = CAMutex.h; path = Extras/CoreAudio/PublicUtility/CAMutex.h; sourceTree = DEVELOPER_DIR; };
		47CB5EBEF9C872A67BE7628D /* AUDebugDispatcher.cpp */ = {isa = PBXFileReference; lastKnownFileType = sourcecode.cpp.cpp; name = AUDebugDispatcher.cpp; path = Extras/CoreAudio/AudioUnits/AUPublic/Utility/AUDebugDispatcher.cpp; sourceTree = DEVELOPER_DIR; };
		48D62D44C6F30AE91924F005 /* AppConfig.h */ = {isa = PBXFileReference; lastKnownFileType = sourcecode.c.h; name = AppConfig.h; path = ../../JuceLibraryCode/AppConfig.h; sourceTree = SOURCE_ROOT; };
		5342D286903514A4A2DC6AFE /* CAMutex.cpp */ = {isa = PBXFileReference; lastKnownFileType = sourcecode.cpp.cpp; name = CAMutex.cpp; path = Extras/CoreAudio/PublicUtility/CAMutex.cpp; sourceTree = DEVELOPER_DIR; };
		548D48B39FFED8CFD31FD74B /* AUMIDIBase.cpp */ = {isa = PBXFileReference; lastKnownFileType = sourcecode.cpp.cpp; name = AUMIDIBase.cpp; path = Extras/CoreAudio/AudioUnits/AUPublic/OtherBases/AUMIDIBase.cpp; sourceTree = DEVELOPER_DIR; };
		5576D011C13352817D49AFCB /* AUDispatch.cpp */ = {isa = PBXFileReference; lastKnownFileType = sourcecode.cpp.cpp; name = AUDispatch.cpp; path = Extras/CoreAudio/AudioUnits/AUPublic/AUBase/AUDispatch.cpp; sourceTree = DEVELOPER_DIR; };
		562035FBC5F9AA8D7A6A53F0 /* MusicDeviceBase.cpp */ = {isa = PBXFileReference; lastKnownFileType = sourcecode.cpp.cpp; name = MusicDeviceBase.cpp; path = Extras/CoreAudio/AudioUnits/AUPublic/OtherBases/MusicDeviceBase.cpp; sourceTree = DEVELOPER_DIR; };
		581A4DC4182F8F9073A20074 /* CAStreamBasicDescription.h */ = {isa = PBXFileReference; lastKnownFileType = sourcecode.c.h; name = CAStreamBasicDescription.h; path = Extras/CoreAudio/PublicUtility/CAStreamBasicDescription.h; sourceTree = DEVELOPER_DIR; };
		5961A2F3963887CC3DAF6DB0 /* QuickTime.framework */ = {isa = PBXFileReference; lastKnownFileType = wrapper.framework; name = QuickTime.framework; path = System/Library/Frameworks/QuickTime.framework; sourceTree = SDKROOT; };
		5E1A322854E3EB07E321702D /* CAAUParameter.cpp */ = {isa = PBXFileReference; lastKnownFileType = sourcecode.cpp.cpp; name = CAAUParameter.cpp; path = Extras/CoreAudio/PublicUtility/CAAUParameter.cpp; sourceTree = DEVELOPER_DIR; };
		5E701847A2A2A47C2315A699 /* AUCarbonViewDispatch.cpp */ = {isa = PBXFileReference; lastKnownFileType = sourcecode.cpp.cpp; name = AUCarbonViewDispatch.cpp; path = Extras/CoreAudio/AudioUnits/AUPublic/AUCarbonViewBase/AUCarbonViewDispatch.cpp; sourceTree = DEVELOPER_DIR; };
		63C12562606078FB56553BF0 /* CADebugMacros.h */ = {isa = PBXFileReference; lastKnownFileType = sourcecode.c.h; name = CADebugMacros.h; path = Extras/CoreAudio/PublicUtility/CADebugMacros.h; sourceTree = DEVELOPER_DIR; };
		6C6743F827D2032D52EB4509 /* AUDispatch.h */ = {isa = PBXFileReference; lastKnownFileType = sourcecode.c.h; name = AUDispatch.h; path = Extras/CoreAudio/AudioUnits/AUPublic/AUBase/AUDispatch.h; sourceTree = DEVELOPER_DIR; };
		7136FA6A7A0E01738EEF0329 /* AUInputFormatConverter.h */ = {isa = PBXFileReference; lastKnownFileType = sourcecode.c.h; name = AUInputFormatConverter.h; path = Extras/CoreAudio/AudioUnits/AUPublic/Utility/AUInputFormatConverter.h; sourceTree = DEVELOPER_DIR; };
		734B57BAD7252EEF08DDF0C5 /* Info.plist */ = {isa = PBXFileReference; lastKnownFileType = text.plist.xml; path = Info.plist; sourceTree = SOURCE_ROOT; };
		74085B3ACB801CD86CAFE6EA /* AUBuffer.h */ = {isa = PBXFileReference; lastKnownFileType = sourcecode.c.h; name = AUBuffer.h; path = Extras/CoreAudio/AudioUnits/AUPublic/Utility/AUBuffer.h; sourceTree = DEVELOPER_DIR; };
		7ABD1CA0B4A00586982B71F0 /* CoreMIDI.framework */ = {isa = PBXFileReference; lastKnownFileType = wrapper.framework; name = CoreMIDI.framework; path = System/Library/Frameworks/CoreMIDI.framework; sourceTree = SDKROOT; };
		7F0D9AB722E0B3978CBCE562 /* AUOutputBase.cpp */ = {isa = PBXFileReference; lastKnownFileType = sourcecode.cpp.cpp; name = AUOutputBase.cpp; path = Extras/CoreAudio/AudioUnits/AUPublic/OtherBases/AUOutputBase.cpp; sourceTree = DEVELOPER_DIR; };
		84D53A27AD42FDCA3DB685E3 /* Cocoa.framework */ = {isa = PBXFileReference; lastKnownFileType = wrapper.framework; name = Cocoa.framework; path = System/Library/Frameworks/Cocoa.framework; sourceTree = SDKROOT; };
		8623B2D21CFE68DEC0483917 /* CarbonEventHandler.h */ = {isa = PBXFileReference; lastKnownFileType = sourcecode.c.h; name = CarbonEventHandler.h; path = Extras/CoreAudio/AudioUnits/AUPublic/AUCarbonViewBase/CarbonEventHandler.h; sourceTree = DEVELOPER_DIR; };
		871A3CBFBCF5659A86329EE0 /* ComponentBase.h */ = {isa = PBXFileReference; lastKnownFileType = sourcecode.c.h; name = ComponentBase.h; path = Extras/CoreAudio/AudioUnits/AUPublic/AUBase/ComponentBase.h; sourceTree = DEVELOPER_DIR; };
		90C0B83E8C72B20B6DCF3E6E /* CAAUParameter.h */ = {isa = PBXFileReference; lastKnownFileType = sourcecode.c.h; name = CAAUParameter.h; path = Extras/CoreAudio/PublicUtility/CAAUParameter.h; sourceTree = DEVELOPER_DIR; };
		9257F9B896FDE4D0483F4D47 /* First VST.component */ = {isa = PBXFileReference; explicitFileType = wrapper.cfbundle; includeInIndex = 0; path = "First VST.component"; sourceTree = BUILT_PRODUCTS_DIR; };
		9467A0DBC025700FC03A9F1A /* AUCarbonViewBase.cpp */ = {isa = PBXFileReference; lastKnownFileType = sourcecode.cpp.cpp; name = AUCarbonViewBase.cpp; path = Extras/CoreAudio/AudioUnits/AUPublic/AUCarbonViewBase/AUCarbonViewBase.cpp; sourceTree = DEVELOPER_DIR; };
		9587DD91A46C7EF9392CE2C3 /* IOKit.framework */ = {isa = PBXFileReference; lastKnownFileType = wrapper.framework; name = IOKit.framework; path = System/Library/Frameworks/IOKit.framework; sourceTree = SDKROOT; };
		9A2A2D75863FDE573BE2E645 /* AUInputElement.h */ = {isa = PBXFileReference; lastKnownFileType = sourcecode.c.h; name = AUInputElement.h; path = Extras/CoreAudio/AudioUnits/AUPublic/AUBase/AUInputElement.h; sourceTree = DEVELOPER_DIR; };
		9CBC00EFBE2C8E0F0DA14301 /* AUScopeElement.cpp */ = {isa = PBXFileReference; lastKnownFileType = sourcecode.cpp.cpp; name = AUScopeElement.cpp; path = Extras/CoreAudio/AudioUnits/AUPublic/AUBase/AUScopeElement.cpp; sourceTree = DEVELOPER_DIR; };
		A345F264F78F7D3EEABEC384 /* QuartzCore.framework */ = {isa = PBXFileReference; lastKnownFileType = wrapper.framework; name = QuartzCore.framework; path = System/Library/Frameworks/QuartzCore.framework; sourceTree = SDKROOT; };
		A6DD7A70B3C1D97700FDC645 /* QTKit.framework */ = {isa = PBXFileReference; lastKnownFileType = wrapper.framework; name = QTKit.framework; path = System/Library/Frameworks/QTKit.framework; sourceTree = SDKROOT; };
		A8E73B81EF9A0C1D1554F8F2 /* AUSilentTimeout.h */ = {isa = PBXFileReference; lastKnownFileType = sourcecode.c.h; name = AUSilentTimeout.h; path = Extras/CoreAudio/AudioUnits/AUPublic/Utility/AUSilentTimeout.h; sourceTree = DEVELOPER_DIR; };
		A9AD484FB60F928C30F0D2E0 /* CAVectorUnit.h */ = {isa = PBXFileReference; lastKnownFileType = sourcecode.c.h; name = CAVectorUnit.h; path = Extras/CoreAudio/PublicUtility/CAVectorUnit.h; sourceTree = DEVELOPER_DIR; };
		AC5718257B69C32B06C28A0D /* AUBase.cpp */ = {isa = PBXFileReference; lastKnownFileType = sourcecode.cpp.cpp; name = AUBase.cpp; path = Extras/CoreAudio/AudioUnits/AUPublic/AUBase/AUBase.cpp; sourceTree = DEVELOPER_DIR; };
		AE330478AE9B1AB613EF6795 /* AUBase.h */ = {isa = PBXFileReference; lastKnownFileType = sourcecode.c.h; name = AUBase.h; path = Extras/CoreAudio/AudioUnits/AUPublic/AUBase/AUBase.h; sourceTree = DEVELOPER_DIR; };
		B8F873C9579B41D3AEF37C43 /* AUCarbonViewControl.h */ = {isa = PBXFileReference; lastKnownFileType = sourcecode.c.h; name = AUCarbonViewControl.h; path = Extras/CoreAudio/AudioUnits/AUPublic/AUCarbonViewBase/AUCarbonViewControl.h; sourceTree = DEVELOPER_DIR; };
		C16FBA1EEEB24CB2E7B356F8 /* JucePluginCharacteristics.h */ = {isa = PBXFileReference; lastKnownFileType = sourcecode.c.h; name = JucePluginCharacteristics.h; path = ../../JuceLibraryCode/JucePluginCharacteristics.h; sourceTree = SOURCE_ROOT; };
		C31BBA2D43743E560EE54077 /* Carbon.framework */ = {isa = PBXFileReference; lastKnownFileType = wrapper.framework; name = Carbon.framework; path = System/Library/Frameworks/Carbon.framework; sourceTree = SDKROOT; };
		C5C4260682E3294133F6ECEA /* AUOutputBase.h */ = {isa = PBXFileReference; lastKnownFileType = sourcecode.c.h; name = AUOutputBase.h; path = Extras/CoreAudio/AudioUnits/AUPublic/OtherBases/AUOutputBase.h; sourceTree = DEVELOPER_DIR; };
		C5E4FB0830338321CF849CE4 /* AUViewLocalizedStringKeys.h */ = {isa = PBXFileReference; lastKnownFileType = sourcecode.c.h; name = AUViewLocalizedStringKeys.h; path = Extras/CoreAudio/AudioUnits/AUPublic/AUViewBase/AUViewLocalizedStringKeys.h; sourceTree = DEVELOPER_DIR; };
		CEAB6C4AFA0924AA7B781FDF /* AudioUnit.framework */ = {isa = PBXFileReference; lastKnownFileType = wrapper.framework; name = AudioUnit.framework; path = System/Library/Frameworks/AudioUnit.framework; sourceTree = SDKROOT; };
		CFC95EBC9718344B4E7CB7A2 /* AUDebugDispatcher.h */ = {isa = PBXFileReference; lastKnownFileType = sourcecode.c.h; name = AUDebugDispatcher.h; path = Extras/CoreAudio/AudioUnits/AUPublic/Utility/AUDebugDispatcher.h; sourceTree = DEVELOPER_DIR; };
		D24D4DA39A1E2F7FD8ABB29E /* AUCarbonViewBase.h */ = {isa = PBXFileReference; lastKnownFileType = sourcecode.c.h; name = AUCarbonViewBase.h; path = Extras/CoreAudio/AudioUnits/AUPublic/AUCarbonViewBase/AUCarbonViewBase.h; sourceTree = DEVELOPER_DIR; };
		D41BCFEE64A479184DF70DE7 /* AudioToolbox.framework */ = {isa = PBXFileReference; lastKnownFileType = wrapper.framework; name = AudioToolbox.framework; path = System/Library/Frameworks/AudioToolbox.framework; sourceTree = SDKROOT; };
		DBDA17F21BE2F2BBD0530E4E /* CarbonEventHandler.cpp */ = {isa = PBXFileReference; lastKnownFileType = sourcecode.cpp.cpp; name = CarbonEventHandler.cpp; path = Extras/CoreAudio/AudioUnits/AUPublic/AUCarbonViewBase/CarbonEventHandler.cpp; sourceTree = DEVELOPER_DIR; };
		E3530660FEBC7A4C04E6035B /* AUInputElement.cpp */ = {isa = PBXFileReference; lastKnownFileType = sourcecode.cpp.cpp; name = AUInputElement.cpp; path = Extras/CoreAudio/AudioUnits/AUPublic/AUBase/AUInputElement.cpp; sourceTree = DEVELOPER_DIR; };
		E54E493C43B416BA24CF1391 /* AUTimestampGenerator.h */ = {isa = PBXFileReference; lastKnownFileType = sourcecode.c.h; name = AUTimestampGenerator.h; path = Extras/CoreAudio/AudioUnits/AUPublic/Utility/AUTimestampGenerator.h; sourceTree = DEVELOPER_DIR; };
		E98DBB154204D13F8F6E9797 /* AUMIDIEffectBase.cpp */ = {isa = PBXFileReference; lastKnownFileType = sourcecode.cpp.cpp; name = AUMIDIEffectBase.cpp; path = Extras/CoreAudio/AudioUnits/AUPublic/OtherBases/AUMIDIEffectBase.cpp; sourceTree = DEVELOPER_DIR; };
		EE87DD07BC10B4BFDADD68ED /* OpenGL.framework */ = {isa = PBXFileReference; lastKnownFileType = wrapper.framework; name = OpenGL.framework; path = System/Library/Frameworks/OpenGL.framework; sourceTree = SDKROOT; };
		F488F50A9E2C189A8DF1F32E /* WebKit.framework */ = {isa = PBXFileReference; lastKnownFileType = wrapper.framework; name = WebKit.framework; path = System/Library/Frameworks/WebKit.framework; sourceTree = SDKROOT; };
		F56D96950F2C7394D305595C /* MusicDeviceBase.h */ = {isa = PBXFileReference; lastKnownFileType = sourcecode.c.h; name = MusicDeviceBase.h; path = Extras/CoreAudio/AudioUnits/AUPublic/OtherBases/MusicDeviceBase.h; sourceTree = DEVELOPER_DIR; };
		F57587A4141E916F001A7CA7 /* libjucedebug.a */ = {isa = PBXFileReference; lastKnownFileType = archive.ar; name = libjucedebug.a; path = ../../../../juce/bin/libjucedebug.a; sourceTree = "<group>"; };
		F58B81CB141E8CF90010A80D /* AscendingPattern.cpp */ = {isa = PBXFileReference; fileEncoding = 4; lastKnownFileType = sourcecode.cpp.cpp; path = AscendingPattern.cpp; sourceTree = "<group>"; };
		F58B81CC141E8CF90010A80D /* AscendingPattern.h */ = {isa = PBXFileReference; fileEncoding = 4; lastKnownFileType = sourcecode.c.h; path = AscendingPattern.h; sourceTree = "<group>"; };
		F58B81CD141E8CF90010A80D /* Cell.cpp */ = {isa = PBXFileReference; fileEncoding = 4; lastKnownFileType = sourcecode.cpp.cpp; path = Cell.cpp; sourceTree = "<group>"; };
		F58B81CE141E8CF90010A80D /* Cell.h */ = {isa = PBXFileReference; fileEncoding = 4; lastKnownFileType = sourcecode.c.h; path = Cell.h; sourceTree = "<group>"; };
		F58B81CF141E8CF90010A80D /* ControlsComponent.cpp */ = {isa = PBXFileReference; fileEncoding = 4; lastKnownFileType = sourcecode.cpp.cpp; path = ControlsComponent.cpp; sourceTree = "<group>"; };
		F58B81D0141E8CF90010A80D /* ControlsComponent.h */ = {isa = PBXFileReference; fileEncoding = 4; lastKnownFileType = sourcecode.c.h; path = ControlsComponent.h; sourceTree = "<group>"; };
		F58B81D1141E8CF90010A80D /* GridComponent.cpp */ = {isa = PBXFileReference; fileEncoding = 4; lastKnownFileType = sourcecode.cpp.cpp; path = GridComponent.cpp; sourceTree = "<group>"; };
		F58B81D2141E8CF90010A80D /* GridComponent.h */ = {isa = PBXFileReference; fileEncoding = 4; lastKnownFileType = sourcecode.c.h; path = GridComponent.h; sourceTree = "<group>"; };
		F58B81D3141E8CF90010A80D /* Pattern.cpp */ = {isa = PBXFileReference; fileEncoding = 4; lastKnownFileType = sourcecode.cpp.cpp; path = Pattern.cpp; sourceTree = "<group>"; };
		F58B81D4141E8CF90010A80D /* Pattern.h */ = {isa = PBXFileReference; fileEncoding = 4; lastKnownFileType = sourcecode.c.h; path = Pattern.h; sourceTree = "<group>"; };
		F58B81D5141E8CF90010A80D /* PluginEditor.cpp */ = {isa = PBXFileReference; fileEncoding = 4; lastKnownFileType = sourcecode.cpp.cpp; path = PluginEditor.cpp; sourceTree = "<group>"; };
		F58B81D6141E8CF90010A80D /* PluginEditor.h */ = {isa = PBXFileReference; fileEncoding = 4; lastKnownFileType = sourcecode.c.h; path = PluginEditor.h; sourceTree = "<group>"; };
		F58B81D7141E8CF90010A80D /* PluginProcessor.cpp */ = {isa = PBXFileReference; fileEncoding = 4; lastKnownFileType = sourcecode.cpp.cpp; path = PluginProcessor.cpp; sourceTree = "<group>"; };
		F58B81D8141E8CF90010A80D /* PluginProcessor.h */ = {isa = PBXFileReference; fileEncoding = 4; lastKnownFileType = sourcecode.c.h; path = PluginProcessor.h; sourceTree = "<group>"; };
		F58B81E0141E8D7F0010A80D /* juce_AU_Resources.r */ = {isa = PBXFileReference; fileEncoding = 4; lastKnownFileType = sourcecode.rez; path = juce_AU_Resources.r; sourceTree = "<group>"; };
		F58B81E1141E8D7F0010A80D /* juce_AU_Wrapper.mm */ = {isa = PBXFileReference; fileEncoding = 4; lastKnownFileType = sourcecode.cpp.objcpp; path = juce_AU_Wrapper.mm; sourceTree = "<group>"; };
		F58B81E4141E8D9E0010A80D /* juce_VST_Wrapper.cpp */ = {isa = PBXFileReference; fileEncoding = 4; lastKnownFileType = sourcecode.cpp.cpp; path = juce_VST_Wrapper.cpp; sourceTree = "<group>"; };
		F58B81E5141E8D9E0010A80D /* juce_VST_Wrapper.mm */ = {isa = PBXFileReference; fileEncoding = 4; lastKnownFileType = sourcecode.cpp.objcpp; path = juce_VST_Wrapper.mm; sourceTree = "<group>"; };
		F79B4E74839B72FDC8BD314B /* AUScopeElement.h */ = {isa = PBXFileReference; lastKnownFileType = sourcecode.c.h; name = AUScopeElement.h; path = Extras/CoreAudio/AudioUnits/AUPublic/AUBase/AUScopeElement.h; sourceTree = DEVELOPER_DIR; };
		FC1B306358844FF719BC56F5 /* AUMIDIBase.h */ = {isa = PBXFileReference; lastKnownFileType = sourcecode.c.h; name = AUMIDIBase.h; path = Extras/CoreAudio/AudioUnits/AUPublic/OtherBases/AUMIDIBase.h; sourceTree = DEVELOPER_DIR; };
/* End PBXFileReference section */

/* Begin PBXFrameworksBuildPhase section */
		87FEA923E8CC2182E991946D /* Frameworks */ = {
			isa = PBXFrameworksBuildPhase;
			buildActionMask = 2147483647;
			files = (
				FB45819002A78F719BAFBDCD /* Cocoa.framework in Frameworks */,
				37796CE3A501EAA1B3385D3C /* Carbon.framework in Frameworks */,
				8296CE6BD13580C34419E913 /* IOKit.framework in Frameworks */,
				D11A7771276C351CBF4681E6 /* CoreAudio.framework in Frameworks */,
				46C7BA529F454CF2715DA62E /* CoreMIDI.framework in Frameworks */,
				65ADDD95C6A6F5DA56421391 /* WebKit.framework in Frameworks */,
				ACA909D0999346A4FC8C8B4A /* DiscRecording.framework in Frameworks */,
				2AF1F9A2466DD2920B74194D /* OpenGL.framework in Frameworks */,
				5B595634B3FB2848A10F7FF7 /* QuartzCore.framework in Frameworks */,
				124F8C92A74C3F75C02C9941 /* QTKit.framework in Frameworks */,
				AEDFDF13BC21779D227BE59B /* QuickTime.framework in Frameworks */,
				4D68EC5384427CBAFACA9177 /* AudioUnit.framework in Frameworks */,
				C8E99EF4B8D416AECDAC23AC /* CoreAudioKit.framework in Frameworks */,
				9F5C3D32C82DFDC66DE7CF69 /* AudioToolbox.framework in Frameworks */,
				F57587A5141E916F001A7CA7 /* libjucedebug.a in Frameworks */,
			);
			runOnlyForDeploymentPostprocessing = 0;
		};
/* End PBXFrameworksBuildPhase section */

/* Begin PBXGroup section */
		099F6A2D53C6FEA14AC53F8B /* Apple AU Files */ = {
			isa = PBXGroup;
			children = (
				63C12562606078FB56553BF0 /* CADebugMacros.h */,
				5E1A322854E3EB07E321702D /* CAAUParameter.cpp */,
				90C0B83E8C72B20B6DCF3E6E /* CAAUParameter.h */,
				2AC7F936D76673078CC46B39 /* CAAudioChannelLayout.cpp */,
				17707A208C28C5FF0747D212 /* CAAudioChannelLayout.h */,
				5342D286903514A4A2DC6AFE /* CAMutex.cpp */,
				45D8F18AD2D87D3C37071779 /* CAMutex.h */,
				289B6F21B8FA58A9F80AF74F /* CAStreamBasicDescription.cpp */,
				581A4DC4182F8F9073A20074 /* CAStreamBasicDescription.h */,
				134239CD6EC14FAA82B84A10 /* CAVectorUnitTypes.h */,
				22ED7E200C3F8A47BFE89C08 /* CAVectorUnit.cpp */,
				A9AD484FB60F928C30F0D2E0 /* CAVectorUnit.h */,
				C5E4FB0830338321CF849CE4 /* AUViewLocalizedStringKeys.h */,
				5E701847A2A2A47C2315A699 /* AUCarbonViewDispatch.cpp */,
				0980EC08F57633BFA3BF62B0 /* AUCarbonViewControl.cpp */,
				B8F873C9579B41D3AEF37C43 /* AUCarbonViewControl.h */,
				DBDA17F21BE2F2BBD0530E4E /* CarbonEventHandler.cpp */,
				8623B2D21CFE68DEC0483917 /* CarbonEventHandler.h */,
				9467A0DBC025700FC03A9F1A /* AUCarbonViewBase.cpp */,
				D24D4DA39A1E2F7FD8ABB29E /* AUCarbonViewBase.h */,
				AC5718257B69C32B06C28A0D /* AUBase.cpp */,
				AE330478AE9B1AB613EF6795 /* AUBase.h */,
				5576D011C13352817D49AFCB /* AUDispatch.cpp */,
				6C6743F827D2032D52EB4509 /* AUDispatch.h */,
				E3530660FEBC7A4C04E6035B /* AUInputElement.cpp */,
				9A2A2D75863FDE573BE2E645 /* AUInputElement.h */,
				3E889051E9B19DDC5707002F /* AUOutputElement.cpp */,
				3BA0E5625B18668D55E3D5FA /* AUOutputElement.h */,
				2677D7AD4A31D16EEE14ECFA /* AUResources.r */,
				9CBC00EFBE2C8E0F0DA14301 /* AUScopeElement.cpp */,
				F79B4E74839B72FDC8BD314B /* AUScopeElement.h */,
				44CFBCF212896FA49B626118 /* ComponentBase.cpp */,
				871A3CBFBCF5659A86329EE0 /* ComponentBase.h */,
				548D48B39FFED8CFD31FD74B /* AUMIDIBase.cpp */,
				FC1B306358844FF719BC56F5 /* AUMIDIBase.h */,
				E98DBB154204D13F8F6E9797 /* AUMIDIEffectBase.cpp */,
				12181FA2711B37A34390B4B8 /* AUMIDIEffectBase.h */,
				7F0D9AB722E0B3978CBCE562 /* AUOutputBase.cpp */,
				C5C4260682E3294133F6ECEA /* AUOutputBase.h */,
				562035FBC5F9AA8D7A6A53F0 /* MusicDeviceBase.cpp */,
				F56D96950F2C7394D305595C /* MusicDeviceBase.h */,
				40AFA95AD6B80625D9F5D34B /* AUEffectBase.cpp */,
				40D2A07753B41BC63882E1A0 /* AUEffectBase.h */,
				08649DA6AD99098B1EAE175D /* AUBuffer.cpp */,
				74085B3ACB801CD86CAFE6EA /* AUBuffer.h */,
				47CB5EBEF9C872A67BE7628D /* AUDebugDispatcher.cpp */,
				CFC95EBC9718344B4E7CB7A2 /* AUDebugDispatcher.h */,
				7136FA6A7A0E01738EEF0329 /* AUInputFormatConverter.h */,
				A8E73B81EF9A0C1D1554F8F2 /* AUSilentTimeout.h */,
				E54E493C43B416BA24CF1391 /* AUTimestampGenerator.h */,
			);
			name = "Apple AU Files";
			sourceTree = "<group>";
		};
		43657AAA133786063753F2EF /* Juce AU Wrapper */ = {
			isa = PBXGroup;
			children = (
				F58B81E0141E8D7F0010A80D /* juce_AU_Resources.r */,
				F58B81E1141E8D7F0010A80D /* juce_AU_Wrapper.mm */,
				099F6A2D53C6FEA14AC53F8B /* Apple AU Files */,
			);
			name = "Juce AU Wrapper";
			path = "../../../../juce/extras/audio plugins/wrapper/AU";
			sourceTree = "<group>";
		};
		498CE8FB30C95C772099B6E0 /* Source */ = {
			isa = PBXGroup;
			children = (
				8FDCE54AE34FDB61D81AC3DC /* Source */,
				A5CDD1A68EF5223432A96526 /* Juce Library Code */,
				AAE621A40FD965AFF70DF473 /* Juce VST Wrapper */,
				43657AAA133786063753F2EF /* Juce AU Wrapper */,
				6A3B518BD2615771F3BD6A47 /* Resources */,
				8DE9075FB9DAFA5A630A15A8 /* Frameworks */,
				98FFD4DB181A65915E0F6904 /* Products */,
			);
			name = Source;
			sourceTree = "<group>";
		};
		6A3B518BD2615771F3BD6A47 /* Resources */ = {
			isa = PBXGroup;
			children = (
				734B57BAD7252EEF08DDF0C5 /* Info.plist */,
			);
			name = Resources;
			sourceTree = "<group>";
		};
		8DE9075FB9DAFA5A630A15A8 /* Frameworks */ = {
			isa = PBXGroup;
			children = (
				F57587A4141E916F001A7CA7 /* libjucedebug.a */,
				84D53A27AD42FDCA3DB685E3 /* Cocoa.framework */,
				C31BBA2D43743E560EE54077 /* Carbon.framework */,
				9587DD91A46C7EF9392CE2C3 /* IOKit.framework */,
				33D2DDB93FA47A06A67AA748 /* CoreAudio.framework */,
				7ABD1CA0B4A00586982B71F0 /* CoreMIDI.framework */,
				F488F50A9E2C189A8DF1F32E /* WebKit.framework */,
				241A4AFBC096C98ACCBD64B8 /* DiscRecording.framework */,
				EE87DD07BC10B4BFDADD68ED /* OpenGL.framework */,
				A345F264F78F7D3EEABEC384 /* QuartzCore.framework */,
				A6DD7A70B3C1D97700FDC645 /* QTKit.framework */,
				5961A2F3963887CC3DAF6DB0 /* QuickTime.framework */,
				CEAB6C4AFA0924AA7B781FDF /* AudioUnit.framework */,
				16EC84BA86F45CC319484DE0 /* CoreAudioKit.framework */,
				D41BCFEE64A479184DF70DE7 /* AudioToolbox.framework */,
			);
			name = Frameworks;
			sourceTree = "<group>";
		};
		8FDCE54AE34FDB61D81AC3DC /* Source */ = {
			isa = PBXGroup;
			children = (
				F58B81CB141E8CF90010A80D /* AscendingPattern.cpp */,
				F58B81CC141E8CF90010A80D /* AscendingPattern.h */,
				F58B81CD141E8CF90010A80D /* Cell.cpp */,
				F58B81CE141E8CF90010A80D /* Cell.h */,
				F58B81CF141E8CF90010A80D /* ControlsComponent.cpp */,
				F58B81D0141E8CF90010A80D /* ControlsComponent.h */,
				F58B81D1141E8CF90010A80D /* GridComponent.cpp */,
				F58B81D2141E8CF90010A80D /* GridComponent.h */,
				F58B81D3141E8CF90010A80D /* Pattern.cpp */,
				F58B81D4141E8CF90010A80D /* Pattern.h */,
				F58B81D5141E8CF90010A80D /* PluginEditor.cpp */,
				F58B81D6141E8CF90010A80D /* PluginEditor.h */,
				F58B81D7141E8CF90010A80D /* PluginProcessor.cpp */,
				F58B81D8141E8CF90010A80D /* PluginProcessor.h */,
			);
			name = Source;
			path = ../../Source;
			sourceTree = "<group>";
		};
		98FFD4DB181A65915E0F6904 /* Products */ = {
			isa = PBXGroup;
			children = (
				9257F9B896FDE4D0483F4D47 /* First VST.component */,
			);
			name = Products;
			sourceTree = "<group>";
		};
		A5CDD1A68EF5223432A96526 /* Juce Library Code */ = {
			isa = PBXGroup;
			children = (
				48D62D44C6F30AE91924F005 /* AppConfig.h */,
				0F52F4F1C8BE2E498D406465 /* JuceHeader.h */,
				C16FBA1EEEB24CB2E7B356F8 /* JucePluginCharacteristics.h */,
			);
			name = "Juce Library Code";
			sourceTree = "<group>";
		};
		AAE621A40FD965AFF70DF473 /* Juce VST Wrapper */ = {
			isa = PBXGroup;
			children = (
				F58B81E4141E8D9E0010A80D /* juce_VST_Wrapper.cpp */,
				F58B81E5141E8D9E0010A80D /* juce_VST_Wrapper.mm */,
			);
			name = "Juce VST Wrapper";
			path = "../../../../juce/extras/audio plugins/wrapper/VST";
			sourceTree = "<group>";
		};
/* End PBXGroup section */

/* Begin PBXNativeTarget section */
		6B0AF3269D504590191B012B /* First VST */ = {
			isa = PBXNativeTarget;
			buildConfigurationList = 2C037B73D7ADB95B976BFDFB /* Build configuration list for PBXNativeTarget "First VST" */;
			buildPhases = (
				07427C6B40E5EC0DF6AC61B0 /* Resources */,
				9A712936582760D065E772ED /* Rez */,
				D3D979DA00D1E66A5FBE966C /* Sources */,
				87FEA923E8CC2182E991946D /* Frameworks */,
				F9387C3215A031F7AE8F2539 /* Copy to the different plugin folders */,
			);
			buildRules = (
			);
			dependencies = (
			);
			name = "First VST";
			productInstallPath = "$(HOME)/Library/Audio/Plug-Ins/Components/";
			productName = "First VST";
			productReference = 9257F9B896FDE4D0483F4D47 /* First VST.component */;
			productType = "com.apple.product-type.bundle";
		};
/* End PBXNativeTarget section */

/* Begin PBXProject section */
		56B3957F8E66639185113672 /* Project object */ = {
			isa = PBXProject;
			buildConfigurationList = 84D05E38F74A0F03F85BD807 /* Build configuration list for PBXProject "First VST" */;
			compatibilityVersion = "Xcode 3.1";
			developmentRegion = English;
			hasScannedForEncodings = 0;
			knownRegions = (
				en,
			);
			mainGroup = 498CE8FB30C95C772099B6E0 /* Source */;
			projectDirPath = "";
			projectRoot = "";
			targets = (
				6B0AF3269D504590191B012B /* First VST */,
			);
		};
/* End PBXProject section */

/* Begin PBXResourcesBuildPhase section */
		07427C6B40E5EC0DF6AC61B0 /* Resources */ = {
			isa = PBXResourcesBuildPhase;
			buildActionMask = 2147483647;
			files = (
			);
			runOnlyForDeploymentPostprocessing = 0;
		};
/* End PBXResourcesBuildPhase section */

/* Begin PBXRezBuildPhase section */
		9A712936582760D065E772ED /* Rez */ = {
			isa = PBXRezBuildPhase;
			buildActionMask = 2147483647;
			files = (
				F58B81E2141E8D7F0010A80D /* juce_AU_Resources.r in Rez */,
			);
			runOnlyForDeploymentPostprocessing = 0;
		};
/* End PBXRezBuildPhase section */

/* Begin PBXShellScriptBuildPhase section */
		F9387C3215A031F7AE8F2539 /* Copy to the different plugin folders */ = {
			isa = PBXShellScriptBuildPhase;
			buildActionMask = 2147483647;
			files = (
			);
			name = "Copy to the different plugin folders";
			runOnlyForDeploymentPostprocessing = 0;
			shellPath = /bin/sh;
			shellScript = "\n# This script takes the build product and copies it to the AU, VST, and RTAS folders, depending on \n# which plugin types you've built\n\noriginal=$CONFIGURATION_BUILD_DIR/$FULL_PRODUCT_NAME\n\n# this looks inside the binary to detect which platforms are needed.. \ncopyAU=`nm -g \"$CONFIGURATION_BUILD_DIR/$EXECUTABLE_PATH\" | grep -i 'AudioUnit' | wc -l`\ncopyVST=`nm -g \"$CONFIGURATION_BUILD_DIR/$EXECUTABLE_PATH\" | grep -i 'VSTPlugin' | wc -l`\ncopyRTAS=`nm -g \"$CONFIGURATION_BUILD_DIR/$EXECUTABLE_PATH\" | grep -i 'CProcess' | wc -l`\n\nif [ $copyAU -gt 0 ]; then\n  echo \"Copying to AudioUnit folder...\"\n  AU=~/Library/Audio/Plug-Ins/Components/$PRODUCT_NAME.component\n  if [ -d \"$AU\" ]; then \n    rm -r \"$AU\"\n  fi\n\n  cp -r \"$original\" \"$AU\"\n  sed -i \"\" -e 's/TDMwPTul/BNDLPTul/g' \"$AU/Contents/PkgInfo\"\n  sed -i \"\" -e 's/TDMw/BNDL/g' \"$AU/Contents/$INFOPLIST_FILE\"\nfi\n\nif [ $copyVST -gt 0 ]; then\n  echo \"Copying to VST folder...\"\n  VST=~/Library/Audio/Plug-Ins/VST/$PRODUCT_NAME.vst\n  if [ -d \"$VST\" ]; then \n    rm -r \"$VST\"\n  fi\n\n  cp -r \"$original\" \"$VST\"\n  sed -i \"\" -e 's/TDMwPTul/BNDLPTul/g' \"$VST/Contents/PkgInfo\"\n  sed -i \"\" -e 's/TDMw/BNDL/g' \"$VST/Contents/$INFOPLIST_FILE\"\nfi\n\nif [ $copyRTAS -gt 0 ]; then\n  echo \"Copying to RTAS folder...\"\n  RTAS=/Library/Application\\ Support/Digidesign/Plug-Ins/$PRODUCT_NAME.dpm\n  if [ -d \"$RTAS\" ]; then\n    rm -r \"$RTAS\"\n  fi\n\n  cp -r \"$original\" \"$RTAS\"\nfi\n";
		};
/* End PBXShellScriptBuildPhase section */

/* Begin PBXSourcesBuildPhase section */
		D3D979DA00D1E66A5FBE966C /* Sources */ = {
			isa = PBXSourcesBuildPhase;
			buildActionMask = 2147483647;
			files = (
				A9C7CB960D245BC1EA8DC74F /* CAAUParameter.cpp in Sources */,
				29180A2D59E50E243E8EA2DD /* CAAudioChannelLayout.cpp in Sources */,
				DE92AEA48760C539D23C2B2E /* CAMutex.cpp in Sources */,
				34FFAF4142438021389CC701 /* CAStreamBasicDescription.cpp in Sources */,
				D80E836CA98A8BD4DB155A89 /* CAVectorUnit.cpp in Sources */,
				997538BFE26646C03AA73793 /* AUCarbonViewDispatch.cpp in Sources */,
				A5329FCD8818EEC0693D6F55 /* AUCarbonViewControl.cpp in Sources */,
				645E4E9820CB0AA2F72DB615 /* CarbonEventHandler.cpp in Sources */,
				F9D2A09CAA2D03ACE9302411 /* AUCarbonViewBase.cpp in Sources */,
				91DB8569219CA37676F63BC5 /* AUBase.cpp in Sources */,
				6D3BEB1FC2C6E2F967891D60 /* AUDispatch.cpp in Sources */,
				228A8D79A6B7032D216A2E33 /* AUInputElement.cpp in Sources */,
				9DECA76D224B7AC09437799C /* AUOutputElement.cpp in Sources */,
				E8F70C97EF8F1E479B260518 /* AUScopeElement.cpp in Sources */,
				76B56EFA0CE434B3EFFF8AC3 /* ComponentBase.cpp in Sources */,
				B05746E36751DF2A25C9CD75 /* AUMIDIBase.cpp in Sources */,
				52E3C45EDBEA4F4FEA633EEA /* AUMIDIEffectBase.cpp in Sources */,
				EC1EF44609C00F9B9276D6D7 /* AUOutputBase.cpp in Sources */,
				945675DD05F20DA90E50F977 /* MusicDeviceBase.cpp in Sources */,
				3EA9A24E91E9B3330322C14B /* AUEffectBase.cpp in Sources */,
				D0073C376908717E22D38B44 /* AUBuffer.cpp in Sources */,
				E293EB49B5089202F5C4A55C /* AUDebugDispatcher.cpp in Sources */,
				F58B81D9141E8CF90010A80D /* AscendingPattern.cpp in Sources */,
				F58B81DA141E8CF90010A80D /* Cell.cpp in Sources */,
				F58B81DB141E8CF90010A80D /* ControlsComponent.cpp in Sources */,
				F58B81DC141E8CF90010A80D /* GridComponent.cpp in Sources */,
				F58B81DD141E8CF90010A80D /* Pattern.cpp in Sources */,
				F58B81DE141E8CF90010A80D /* PluginEditor.cpp in Sources */,
				F58B81DF141E8CF90010A80D /* PluginProcessor.cpp in Sources */,
				F58B81E3141E8D7F0010A80D /* juce_AU_Wrapper.mm in Sources */,
				F58B81E6141E8D9E0010A80D /* juce_VST_Wrapper.cpp in Sources */,
				F58B81E7141E8D9E0010A80D /* juce_VST_Wrapper.mm in Sources */,
			);
			runOnlyForDeploymentPostprocessing = 0;
		};
/* End PBXSourcesBuildPhase section */

/* Begin XCBuildConfiguration section */
		5D09BBE59C7CD43F6702E796 /* Debug */ = {
			isa = XCBuildConfiguration;
			buildSettings = {
				COPY_PHASE_STRIP = NO;
				GCC_DYNAMIC_NO_PIC = NO;
				GCC_ENABLE_FIX_AND_CONTINUE = NO;
				GCC_OPTIMIZATION_LEVEL = 0;
				GCC_PREPROCESSOR_DEFINITIONS = (
					"_DEBUG=1",
					"DEBUG=1",
					"JUCE_ObjCExtraSuffix=AY1dZ2",
					"JUCER_XCODE_MAC_F6D2F4CF=1",
				);
				GCC_VERSION = com.apple.compilers.llvm.clang.1_0;
				GENERATE_PKGINFO_FILE = YES;
				HEADER_SEARCH_PATHS = (
					"$(DEVELOPER_DIR)/Extras/CoreAudio/PublicUtility",
					"$(DEVELOPER_DIR)/Extras/CoreAudio/AudioUnits/AUPublic/Utility",
					"$(inherited)",
					"$(JUCE_DIR)",
					"\"$(SRCROOT)/../../../../../c/vstsdk2.4\"",
				);
				INFOPLIST_FILE = Info.plist;
				INSTALL_PATH = "$(HOME)/Library/Audio/Plug-Ins/Components/";
				JUCE_DIR = /Users/mattsonic/Documents/code/juce/juce;
				LIBRARY_SEARCH_PATHS = (
					"$(inherited)",
					"\"$(SRCROOT)/../../../../juce/bin\"",
				);
				LIBRARY_STYLE = Bundle;
				MACOSX_DEPLOYMENT_TARGET_ppc = 10.4;
				ONLY_ACTIVE_ARCH = YES;
				OTHER_LDFLAGS = "-bundle";
				OTHER_REZFLAGS = "-d ppc_$ppc -d i386_$i386 -d ppc64_$ppc64 -d x86_64_$x86_64 -I /System/Library/Frameworks/CoreServices.framework/Frameworks/CarbonCore.framework/Versions/A/Headers -I \"$(DEVELOPER_DIR)/Extras/CoreAudio/AudioUnits/AUPublic/AUBase\"";
				PREBINDING = NO;
				SDKROOT = macosx10.6;
				VALID_ARCHS = i386;
				WRAPPER_EXTENSION = component;
			};
			name = Debug;
		};
		CBDEB68D5436ECADABDB0D3E /* Release */ = {
			isa = XCBuildConfiguration;
			buildSettings = {
				ALWAYS_SEARCH_USER_PATHS = NO;
				DEBUG_INFORMATION_FORMAT = dwarf;
				GCC_C_LANGUAGE_STANDARD = c99;
				GCC_INLINES_ARE_PRIVATE_EXTERN = YES;
				GCC_MODEL_TUNING = G5;
				GCC_WARN_ABOUT_RETURN_TYPE = YES;
				GCC_WARN_CHECK_SWITCH_STATEMENTS = YES;
				GCC_WARN_MISSING_PARENTHESES = YES;
				GCC_WARN_NON_VIRTUAL_DESTRUCTOR = YES;
				GCC_WARN_TYPECHECK_CALLS_TO_PRINTF = YES;
				GCC_WARN_UNUSED_VARIABLE = YES;
				PRODUCT_NAME = "First VST";
				WARNING_CFLAGS = "-Wreorder";
				ZERO_LINK = NO;
			};
			name = Release;
		};
		E7A53457C6D46A297D6E666D /* Release */ = {
			isa = XCBuildConfiguration;
			buildSettings = {
				GCC_GENERATE_DEBUGGING_SYMBOLS = NO;
				GCC_OPTIMIZATION_LEVEL = s;
				GCC_PREPROCESSOR_DEFINITIONS = (
					"_NDEBUG=1",
					"NDEBUG=1",
					"JUCE_ObjCExtraSuffix=AY1dZ2",
					"JUCER_XCODE_MAC_F6D2F4CF=1",
				);
				GCC_SYMBOLS_PRIVATE_EXTERN = YES;
				GCC_VERSION = com.apple.compilers.llvm.clang.1_0;
				GENERATE_PKGINFO_FILE = YES;
				HEADER_SEARCH_PATHS = (
					"$(DEVELOPER_DIR)/Extras/CoreAudio/PublicUtility",
					"$(DEVELOPER_DIR)/Extras/CoreAudio/AudioUnits/AUPublic/Utility",
					"$(inherited)",
					"$(JUCE_DIR)",
					"\"$(SRCROOT)/../../../../../c/vstsdk2.4\"",
				);
				INFOPLIST_FILE = Info.plist;
				INSTALL_PATH = "$(HOME)/Library/Audio/Plug-Ins/Components/";
				JUCE_DIR = /Users/mattsonic/Documents/code/juce/juce;
				LIBRARY_SEARCH_PATHS = (
					"$(inherited)",
					"\"$(SRCROOT)/../../../../juce/bin\"",
				);
				LIBRARY_STYLE = Bundle;
				MACOSX_DEPLOYMENT_TARGET_ppc = 10.4;
				OTHER_LDFLAGS = "-bundle";
				OTHER_REZFLAGS = "-d ppc_$ppc -d i386_$i386 -d ppc64_$ppc64 -d x86_64_$x86_64 -I /System/Library/Frameworks/CoreServices.framework/Frameworks/CarbonCore.framework/Versions/A/Headers -I \"$(DEVELOPER_DIR)/Extras/CoreAudio/AudioUnits/AUPublic/AUBase\"";
				PREBINDING = NO;
				SDKROOT = macosx10.6;
				VALID_ARCHS = i386;
				WRAPPER_EXTENSION = component;
			};
			name = Release;
		};
		E848F3118B7FDA2876FDFB2A /* Debug */ = {
			isa = XCBuildConfiguration;
			buildSettings = {
				ALWAYS_SEARCH_USER_PATHS = NO;
				DEBUG_INFORMATION_FORMAT = dwarf;
				GCC_C_LANGUAGE_STANDARD = c99;
				GCC_INLINES_ARE_PRIVATE_EXTERN = YES;
				GCC_MODEL_TUNING = G5;
				GCC_WARN_ABOUT_RETURN_TYPE = YES;
				GCC_WARN_CHECK_SWITCH_STATEMENTS = YES;
				GCC_WARN_MISSING_PARENTHESES = YES;
				GCC_WARN_NON_VIRTUAL_DESTRUCTOR = YES;
				GCC_WARN_TYPECHECK_CALLS_TO_PRINTF = YES;
				GCC_WARN_UNUSED_VARIABLE = YES;
				PRODUCT_NAME = "First VST";
				WARNING_CFLAGS = "-Wreorder";
				ZERO_LINK = NO;
			};
			name = Debug;
		};
/* End XCBuildConfiguration section */

/* Begin XCConfigurationList section */
		2C037B73D7ADB95B976BFDFB /* Build configuration list for PBXNativeTarget "First VST" */ = {
			isa = XCConfigurationList;
			buildConfigurations = (
				5D09BBE59C7CD43F6702E796 /* Debug */,
				E7A53457C6D46A297D6E666D /* Release */,
			);
			defaultConfigurationIsVisible = 0;
			defaultConfigurationName = Debug;
		};
		84D05E38F74A0F03F85BD807 /* Build configuration list for PBXProject "First VST" */ = {
			isa = XCConfigurationList;
			buildConfigurations = (
				E848F3118B7FDA2876FDFB2A /* Debug */,
				CBDEB68D5436ECADABDB0D3E /* Release */,
			);
			defaultConfigurationIsVisible = 0;
			defaultConfigurationName = Debug;
		};
/* End XCConfigurationList section */
	};
	rootObject = 56B3957F8E66639185113672 /* Project object */;
}
